<?xml version="1.0" encoding="utf-8"?>
<Project ToolsVersion="4.0" xmlns="http://schemas.microsoft.com/developer/msbuild/2003">
  <ItemGroup>
    <Filter Include="classes">
      <UniqueIdentifier>{d1fa7da0-d114-4dd7-ac78-31cfc8317d31}</UniqueIdentifier>
    </Filter>
    <Filter Include="main">
      <UniqueIdentifier>{6b679b8a-f446-49db-84d7-400fabcf05df}</UniqueIdentifier>
    </Filter>
    <Filter Include="classes\application">
      <UniqueIdentifier>{a1c791e1-ca36-4cd2-a370-5e559212fedc}</UniqueIdentifier>
    </Filter>
    <Filter Include="classes\common">
      <UniqueIdentifier>{5d9b266e-03ec-45d0-8608-1d73793bc89c}</UniqueIdentifier>
    </Filter>
  </ItemGroup>
  <ItemGroup>
    <Text Include="ReadMe.txt" />
  </ItemGroup>
  <ItemGroup>
    <ClInclude Include="stdafx.h">
      <Filter>main</Filter>
    </ClInclude>
    <ClInclude Include="targetver.h">
      <Filter>main</Filter>
    </ClInclude>
    <ClInclude Include="classes\application\AppDelegate.h">
      <Filter>classes\application</Filter>
    </ClInclude>
    <ClInclude Include="classes\common\common.h">
      <Filter>classes\common</Filter>
    </ClInclude>
    <ClInclude Include="classes\application\Application.h">
      <Filter>classes\application</Filter>
    </ClInclude>
    <ClInclude Include="classes\common\Any.h">
      <Filter>classes\common</Filter>
    </ClInclude>
  </ItemGroup>
  <ItemGroup>
    <ClCompile Include="main.cpp">
      <Filter>main</Filter>
    </ClCompile>
    <ClCompile Include="stdafx.cpp">
      <Filter>main</Filter>
    </ClCompile>
    <ClCompile Include="classes\application\AppDelegate.cpp">
      <Filter>classes\application</Filter>
    </ClCompile>
    <ClCompile Include="classes\application\Application.cpp">
      <Filter>classes\application</Filter>
    </ClCompile>
  </ItemGroup>
</Project>